
Microsoft Visual Studio Solution File, Format Version 12.00
# Visual Studio Version 17
VisualStudioVersion = 17.4.33205.214
MinimumVisualStudioVersion = 10.0.40219.1
Project("{8BC9CEB8-8B4A-11D0-8D11-00A0C91BC942}") = "Singleton", "Singleton\Singleton.vcxproj", "{666FCBFA-0CFD-4A3E-9606-28C2FF264A53}"
EndProject
Project("{8BC9CEB8-8B4A-11D0-8D11-00A0C91BC942}") = "Factory", "Factory\Factory.vcxproj", "{E42C993C-3E05-4A80-BF11-063B1A538790}"
EndProject
Project("{8BC9CEB8-8B4A-11D0-8D11-00A0C91BC942}") = "AbstractFactory", "AbstractFactory\AbstractFactory.vcxproj", "{765E197C-F4F6-48FA-AF9D-65141D321FC9}"
EndProject
Project("{8BC9CEB8-8B4A-11D0-8D11-00A0C91BC942}") = "Prototype", "Prototype\Prototype.vcxproj", "{B1870E1C-D35A-4AE0-86F0-8A525095802B}"
EndProject
Project("{8BC9CEB8-8B4A-11D0-8D11-00A0C91BC942}") = "Facade", "Facade\Facade.vcxproj", "{47B71B29-DCF5-43D3-B1DE-DCD1A644A7C4}"
EndProject
Project("{8BC9CEB8-8B4A-11D0-8D11-00A0C91BC942}") = "Decorator", "Decorator\Decorator.vcxproj", "{05AC706B-8C27-4E2C-B6B4-02E9DEC954B0}"
EndProject
Project("{8BC9CEB8-8B4A-11D0-8D11-00A0C91BC942}") = "Proxy", "Proxy\Proxy.vcxproj", "{B12BEC85-2526-4AFD-A1B1-CB126575C4B3}"
EndProject
Project("{8BC9CEB8-8B4A-11D0-8D11-00A0C91BC942}") = "Command", "Command\Command.vcxproj", "{19BC0E23-7ED6-4E32-B418-6C64E73688AA}"
EndProject
Project("{8BC9CEB8-8B4A-11D0-8D11-00A0C91BC942}") = "Memento", "Memento\Memento.vcxproj", "{DD53F63B-F09A-4119-BA9C-0A5209FF2585}"
EndProject
Project("{8BC9CEB8-8B4A-11D0-8D11-00A0C91BC942}") = "Observer", "Observer\Observer.vcxproj", "{0F843C88-8097-4274-A6CB-1A7776754285}"
EndProject
Project("{8BC9CEB8-8B4A-11D0-8D11-00A0C91BC942}") = "Strategy", "Strategy\Strategy.vcxproj", "{E6FB828E-5239-4193-BDA5-E7EE69701509}"
EndProject
Project("{8BC9CEB8-8B4A-11D0-8D11-00A0C91BC942}") = "Builder", "Builder\Builder.vcxproj", "{60812A27-9800-42A3-872A-0A0BE3C123EF}"
EndProject
Project("{8BC9CEB8-8B4A-11D0-8D11-00A0C91BC942}") = "Adapter", "Adapter\Adapter.vcxproj", "{DE90FC19-6FF7-416F-97FE-DD292AC261F0}"
EndProject
Project("{8BC9CEB8-8B4A-11D0-8D11-00A0C91BC942}") = "Bridge", "Bridge\Bridge.vcxproj", "{571C12C7-2E63-4EAD-9384-46D060842FD4}"
EndProject
Global
	GlobalSection(SolutionConfigurationPlatforms) = preSolution
		Debug|x64 = Debug|x64
		Debug|x86 = Debug|x86
		Release|x64 = Release|x64
		Release|x86 = Release|x86
	EndGlobalSection
	GlobalSection(ProjectConfigurationPlatforms) = postSolution
		{666FCBFA-0CFD-4A3E-9606-28C2FF264A53}.Debug|x64.ActiveCfg = Debug|x64
		{666FCBFA-0CFD-4A3E-9606-28C2FF264A53}.Debug|x64.Build.0 = Debug|x64
		{666FCBFA-0CFD-4A3E-9606-28C2FF264A53}.Debug|x86.ActiveCfg = Debug|Win32
		{666FCBFA-0CFD-4A3E-9606-28C2FF264A53}.Debug|x86.Build.0 = Debug|Win32
		{666FCBFA-0CFD-4A3E-9606-28C2FF264A53}.Release|x64.ActiveCfg = Release|x64
		{666FCBFA-0CFD-4A3E-9606-28C2FF264A53}.Release|x64.Build.0 = Release|x64
		{666FCBFA-0CFD-4A3E-9606-28C2FF264A53}.Release|x86.ActiveCfg = Release|Win32
		{666FCBFA-0CFD-4A3E-9606-28C2FF264A53}.Release|x86.Build.0 = Release|Win32
		{E42C993C-3E05-4A80-BF11-063B1A538790}.Debug|x64.ActiveCfg = Debug|x64
		{E42C993C-3E05-4A80-BF11-063B1A538790}.Debug|x64.Build.0 = Debug|x64
		{E42C993C-3E05-4A80-BF11-063B1A538790}.Debug|x86.ActiveCfg = Debug|Win32
		{E42C993C-3E05-4A80-BF11-063B1A538790}.Debug|x86.Build.0 = Debug|Win32
		{E42C993C-3E05-4A80-BF11-063B1A538790}.Release|x64.ActiveCfg = Release|x64
		{E42C993C-3E05-4A80-BF11-063B1A538790}.Release|x64.Build.0 = Release|x64
		{E42C993C-3E05-4A80-BF11-063B1A538790}.Release|x86.ActiveCfg = Release|Win32
		{E42C993C-3E05-4A80-BF11-063B1A538790}.Release|x86.Build.0 = Release|Win32
		{765E197C-F4F6-48FA-AF9D-65141D321FC9}.Debug|x64.ActiveCfg = Debug|x64
		{765E197C-F4F6-48FA-AF9D-65141D321FC9}.Debug|x64.Build.0 = Debug|x64
		{765E197C-F4F6-48FA-AF9D-65141D321FC9}.Debug|x86.ActiveCfg = Debug|Win32
		{765E197C-F4F6-48FA-AF9D-65141D321FC9}.Debug|x86.Build.0 = Debug|Win32
		{765E197C-F4F6-48FA-AF9D-65141D321FC9}.Release|x64.ActiveCfg = Release|x64
		{765E197C-F4F6-48FA-AF9D-65141D321FC9}.Release|x64.Build.0 = Release|x64
		{765E197C-F4F6-48FA-AF9D-65141D321FC9}.Release|x86.ActiveCfg = Release|Win32
		{765E197C-F4F6-48FA-AF9D-65141D321FC9}.Release|x86.Build.0 = Release|Win32
		{B1870E1C-D35A-4AE0-86F0-8A525095802B}.Debug|x64.ActiveCfg = Debug|x64
		{B1870E1C-D35A-4AE0-86F0-8A525095802B}.Debug|x64.Build.0 = Debug|x64
		{B1870E1C-D35A-4AE0-86F0-8A525095802B}.Debug|x86.ActiveCfg = Debug|Win32
		{B1870E1C-D35A-4AE0-86F0-8A525095802B}.Debug|x86.Build.0 = Debug|Win32
		{B1870E1C-D35A-4AE0-86F0-8A525095802B}.Release|x64.ActiveCfg = Release|x64
		{B1870E1C-D35A-4AE0-86F0-8A525095802B}.Release|x64.Build.0 = Release|x64
		{B1870E1C-D35A-4AE0-86F0-8A525095802B}.Release|x86.ActiveCfg = Release|Win32
		{B1870E1C-D35A-4AE0-86F0-8A525095802B}.Release|x86.Build.0 = Release|Win32
		{47B71B29-DCF5-43D3-B1DE-DCD1A644A7C4}.Debug|x64.ActiveCfg = Debug|x64
		{47B71B29-DCF5-43D3-B1DE-DCD1A644A7C4}.Debug|x64.Build.0 = Debug|x64
		{47B71B29-DCF5-43D3-B1DE-DCD1A644A7C4}.Debug|x86.ActiveCfg = Debug|Win32
		{47B71B29-DCF5-43D3-B1DE-DCD1A644A7C4}.Debug|x86.Build.0 = Debug|Win32
		{47B71B29-DCF5-43D3-B1DE-DCD1A644A7C4}.Release|x64.ActiveCfg = Release|x64
		{47B71B29-DCF5-43D3-B1DE-DCD1A644A7C4}.Release|x64.Build.0 = Release|x64
		{47B71B29-DCF5-43D3-B1DE-DCD1A644A7C4}.Release|x86.ActiveCfg = Release|Win32
		{47B71B29-DCF5-43D3-B1DE-DCD1A644A7C4}.Release|x86.Build.0 = Release|Win32
		{05AC706B-8C27-4E2C-B6B4-02E9DEC954B0}.Debug|x64.ActiveCfg = Debug|x64
		{05AC706B-8C27-4E2C-B6B4-02E9DEC954B0}.Debug|x64.Build.0 = Debug|x64
		{05AC706B-8C27-4E2C-B6B4-02E9DEC954B0}.Debug|x86.ActiveCfg = Debug|Win32
		{05AC706B-8C27-4E2C-B6B4-02E9DEC954B0}.Debug|x86.Build.0 = Debug|Win32
		{05AC706B-8C27-4E2C-B6B4-02E9DEC954B0}.Release|x64.ActiveCfg = Release|x64
		{05AC706B-8C27-4E2C-B6B4-02E9DEC954B0}.Release|x64.Build.0 = Release|x64
		{05AC706B-8C27-4E2C-B6B4-02E9DEC954B0}.Release|x86.ActiveCfg = Release|Win32
		{05AC706B-8C27-4E2C-B6B4-02E9DEC954B0}.Release|x86.Build.0 = Release|Win32
		{B12BEC85-2526-4AFD-A1B1-CB126575C4B3}.Debug|x64.ActiveCfg = Debug|x64
		{B12BEC85-2526-4AFD-A1B1-CB126575C4B3}.Debug|x64.Build.0 = Debug|x64
		{B12BEC85-2526-4AFD-A1B1-CB126575C4B3}.Debug|x86.ActiveCfg = Debug|Win32
		{B12BEC85-2526-4AFD-A1B1-CB126575C4B3}.Debug|x86.Build.0 = Debug|Win32
		{B12BEC85-2526-4AFD-A1B1-CB126575C4B3}.Release|x64.ActiveCfg = Release|x64
		{B12BEC85-2526-4AFD-A1B1-CB126575C4B3}.Release|x64.Build.0 = Release|x64
		{B12BEC85-2526-4AFD-A1B1-CB126575C4B3}.Release|x86.ActiveCfg = Release|Win32
		{B12BEC85-2526-4AFD-A1B1-CB126575C4B3}.Release|x86.Build.0 = Release|Win32
		{19BC0E23-7ED6-4E32-B418-6C64E73688AA}.Debug|x64.ActiveCfg = Debug|x64
		{19BC0E23-7ED6-4E32-B418-6C64E73688AA}.Debug|x64.Build.0 = Debug|x64
		{19BC0E23-7ED6-4E32-B418-6C64E73688AA}.Debug|x86.ActiveCfg = Debug|Win32
		{19BC0E23-7ED6-4E32-B418-6C64E73688AA}.Debug|x86.Build.0 = Debug|Win32
		{19BC0E23-7ED6-4E32-B418-6C64E73688AA}.Release|x64.ActiveCfg = Release|x64
		{19BC0E23-7ED6-4E32-B418-6C64E73688AA}.Release|x64.Build.0 = Release|x64
		{19BC0E23-7ED6-4E32-B418-6C64E73688AA}.Release|x86.ActiveCfg = Release|Win32
		{19BC0E23-7ED6-4E32-B418-6C64E73688AA}.Release|x86.Build.0 = Release|Win32
		{DD53F63B-F09A-4119-BA9C-0A5209FF2585}.Debug|x64.ActiveCfg = Debug|x64
		{DD53F63B-F09A-4119-BA9C-0A5209FF2585}.Debug|x64.Build.0 = Debug|x64
		{DD53F63B-F09A-4119-BA9C-0A5209FF2585}.Debug|x86.ActiveCfg = Debug|Win32
		{DD53F63B-F09A-4119-BA9C-0A5209FF2585}.Debug|x86.Build.0 = Debug|Win32
		{DD53F63B-F09A-4119-BA9C-0A5209FF2585}.Release|x64.ActiveCfg = Release|x64
		{DD53F63B-F09A-4119-BA9C-0A5209FF2585}.Release|x64.Build.0 = Release|x64
		{DD53F63B-F09A-4119-BA9C-0A5209FF2585}.Release|x86.ActiveCfg = Release|Win32
		{DD53F63B-F09A-4119-BA9C-0A5209FF2585}.Release|x86.Build.0 = Release|Win32
		{0F843C88-8097-4274-A6CB-1A7776754285}.Debug|x64.ActiveCfg = Debug|x64
		{0F843C88-8097-4274-A6CB-1A7776754285}.Debug|x64.Build.0 = Debug|x64
		{0F843C88-8097-4274-A6CB-1A7776754285}.Debug|x86.ActiveCfg = Debug|Win32
		{0F843C88-8097-4274-A6CB-1A7776754285}.Debug|x86.Build.0 = Debug|Win32
		{0F843C88-8097-4274-A6CB-1A7776754285}.Release|x64.ActiveCfg = Release|x64
		{0F843C88-8097-4274-A6CB-1A7776754285}.Release|x64.Build.0 = Release|x64
		{0F843C88-8097-4274-A6CB-1A7776754285}.Release|x86.ActiveCfg = Release|Win32
		{0F843C88-8097-4274-A6CB-1A7776754285}.Release|x86.Build.0 = Release|Win32
		{E6FB828E-5239-4193-BDA5-E7EE69701509}.Debug|x64.ActiveCfg = Debug|x64
		{E6FB828E-5239-4193-BDA5-E7EE69701509}.Debug|x64.Build.0 = Debug|x64
		{E6FB828E-5239-4193-BDA5-E7EE69701509}.Debug|x86.ActiveCfg = Debug|Win32
		{E6FB828E-5239-4193-BDA5-E7EE69701509}.Debug|x86.Build.0 = Debug|Win32
		{E6FB828E-5239-4193-BDA5-E7EE69701509}.Release|x64.ActiveCfg = Release|x64
		{E6FB828E-5239-4193-BDA5-E7EE69701509}.Release|x64.Build.0 = Release|x64
		{E6FB828E-5239-4193-BDA5-E7EE69701509}.Release|x86.ActiveCfg = Release|Win32
		{E6FB828E-5239-4193-BDA5-E7EE69701509}.Release|x86.Build.0 = Release|Win32
		{60812A27-9800-42A3-872A-0A0BE3C123EF}.Debug|x64.ActiveCfg = Debug|x64
		{60812A27-9800-42A3-872A-0A0BE3C123EF}.Debug|x64.Build.0 = Debug|x64
		{60812A27-9800-42A3-872A-0A0BE3C123EF}.Debug|x86.ActiveCfg = Debug|Win32
		{60812A27-9800-42A3-872A-0A0BE3C123EF}.Debug|x86.Build.0 = Debug|Win32
		{60812A27-9800-42A3-872A-0A0BE3C123EF}.Release|x64.ActiveCfg = Release|x64
		{60812A27-9800-42A3-872A-0A0BE3C123EF}.Release|x64.Build.0 = Release|x64
		{60812A27-9800-42A3-872A-0A0BE3C123EF}.Release|x86.ActiveCfg = Release|Win32
		{60812A27-9800-42A3-872A-0A0BE3C123EF}.Release|x86.Build.0 = Release|Win32
		{DE90FC19-6FF7-416F-97FE-DD292AC261F0}.Debug|x64.ActiveCfg = Debug|x64
		{DE90FC19-6FF7-416F-97FE-DD292AC261F0}.Debug|x64.Build.0 = Debug|x64
		{DE90FC19-6FF7-416F-97FE-DD292AC261F0}.Debug|x86.ActiveCfg = Debug|Win32
		{DE90FC19-6FF7-416F-97FE-DD292AC261F0}.Debug|x86.Build.0 = Debug|Win32
		{DE90FC19-6FF7-416F-97FE-DD292AC261F0}.Release|x64.ActiveCfg = Release|x64
		{DE90FC19-6FF7-416F-97FE-DD292AC261F0}.Release|x64.Build.0 = Release|x64
		{DE90FC19-6FF7-416F-97FE-DD292AC261F0}.Release|x86.ActiveCfg = Release|Win32
		{DE90FC19-6FF7-416F-97FE-DD292AC261F0}.Release|x86.Build.0 = Release|Win32
		{571C12C7-2E63-4EAD-9384-46D060842FD4}.Debug|x64.ActiveCfg = Debug|x64
		{571C12C7-2E63-4EAD-9384-46D060842FD4}.Debug|x64.Build.0 = Debug|x64
		{571C12C7-2E63-4EAD-9384-46D060842FD4}.Debug|x86.ActiveCfg = Debug|Win32
		{571C12C7-2E63-4EAD-9384-46D060842FD4}.Debug|x86.Build.0 = Debug|Win32
		{571C12C7-2E63-4EAD-9384-46D060842FD4}.Release|x64.ActiveCfg = Release|x64
		{571C12C7-2E63-4EAD-9384-46D060842FD4}.Release|x64.Build.0 = Release|x64
		{571C12C7-2E63-4EAD-9384-46D060842FD4}.Release|x86.ActiveCfg = Release|Win32
		{571C12C7-2E63-4EAD-9384-46D060842FD4}.Release|x86.Build.0 = Release|Win32
	EndGlobalSection
	GlobalSection(SolutionProperties) = preSolution
		HideSolutionNode = FALSE
	EndGlobalSection
	GlobalSection(ExtensibilityGlobals) = postSolution
		SolutionGuid = {9C8729A7-D072-4BA4-8D07-A98A831A5E40}
	EndGlobalSection
EndGlobal
